
Microsoft Visual Studio Solution File, Format Version 12.00
# Visual Studio Version 17
VisualStudioVersion = 17.3.32929.385
MinimumVisualStudioVersion = 10.0.40219.1
Project("{FAE04EC0-301F-11D3-BF4B-00C04F79EFBC}") = "WpfApp10000", "WpfApp10000\WpfApp10000.csproj", "{DF575A73-6DD7-4446-8803-CA662990BEF8}"
EndProject
Global
	GlobalSection(SolutionConfigurationPlatforms) = preSolution
		Debug|Any CPU = Debug|Any CPU
		Release|Any CPU = Release|Any CPU
	EndGlobalSection
	GlobalSection(ProjectConfigurationPlatforms) = postSolution
		{DF575A73-6DD7-4446-8803-CA662990BEF8}.Debug|Any CPU.ActiveCfg = Debug|Any CPU
		{DF575A73-6DD7-4446-8803-CA662990BEF8}.Debug|Any CPU.Build.0 = Debug|Any CPU
		{DF575A73-6DD7-4446-8803-CA662990BEF8}.Release|Any CPU.ActiveCfg = Release|Any CPU
		{DF575A73-6DD7-4446-8803-CA662990BEF8}.Release|Any CPU.Build.0 = Release|Any CPU
	EndGlobalSection
	GlobalSection(SolutionProperties) = preSolution
		HideSolutionNode = FALSE
	EndGlobalSection
	GlobalSection(ExtensibilityGlobals) = postSolution
		SolutionGuid = {C67CE580-671F-4E04-B0EE-4BFEC0C7B534}
	EndGlobalSection
EndGlobal
